
Microsoft Visual Studio Solution File, Format Version 12.00
# Visual Studio Version 17
VisualStudioVersion = 17.4.33122.133
MinimumVisualStudioVersion = 10.0.40219.1
Project("{FAE04EC0-301F-11D3-BF4B-00C04F79EFBC}") = "velox-viewer-tests", "velox-viewer-tests\velox-viewer-tests.csproj", "{5F14464B-5F5E-4E7E-97D9-960D4D95B5FF}"
EndProject
Global
	GlobalSection(SolutionConfigurationPlatforms) = preSolution
		Debug|Any CPU = Debug|Any CPU
		Release|Any CPU = Release|Any CPU
	EndGlobalSection
	GlobalSection(ProjectConfigurationPlatforms) = postSolution
		{5F14464B-5F5E-4E7E-97D9-960D4D95B5FF}.Debug|Any CPU.ActiveCfg = Debug|Any CPU
		{5F14464B-5F5E-4E7E-97D9-960D4D95B5FF}.Debug|Any CPU.Build.0 = Debug|Any CPU
		{5F14464B-5F5E-4E7E-97D9-960D4D95B5FF}.Release|Any CPU.ActiveCfg = Release|Any CPU
		{5F14464B-5F5E-4E7E-97D9-960D4D95B5FF}.Release|Any CPU.Build.0 = Release|Any CPU
	EndGlobalSection
	GlobalSection(SolutionProperties) = preSolution
		HideSolutionNode = FALSE
	EndGlobalSection
	GlobalSection(ExtensibilityGlobals) = postSolution
		SolutionGuid = {EA2DA488-12FF-402D-A5FB-71EC17E3CFA9}
	EndGlobalSection
EndGlobal
